// !$*UTF8*$!
{
	archiveVersion = 1;
	classes = {
	};
	objectVersion = 50;
	objects = {

/* Begin PBXBuildFile section */
		C9970160215FDEBB009457AD /* LabelCell.swift in Sources */ = {isa = PBXBuildFile; fileRef = C997015E215FDEBB009457AD /* LabelCell.swift */; };
		C9970163215FE014009457AD /* PillViewController.swift in Sources */ = {isa = PBXBuildFile; fileRef = C9970162215FE014009457AD /* PillViewController.swift */; };
		C9A2E425215DE2D400920597 /* AppDelegate.swift in Sources */ = {isa = PBXBuildFile; fileRef = C9A2E424215DE2D400920597 /* AppDelegate.swift */; };
		C9A2E42A215DE2D400920597 /* Main.storyboard in Resources */ = {isa = PBXBuildFile; fileRef = C9A2E428215DE2D400920597 /* Main.storyboard */; };
		C9A2E42C215DE2D500920597 /* Assets.xcassets in Resources */ = {isa = PBXBuildFile; fileRef = C9A2E42B215DE2D500920597 /* Assets.xcassets */; };
		C9A2E42F215DE2D500920597 /* LaunchScreen.storyboard in Resources */ = {isa = PBXBuildFile; fileRef = C9A2E42D215DE2D500920597 /* LaunchScreen.storyboard */; };
		C9F101422161758E00791973 /* TypeAheadWithPillViewController.swift in Sources */ = {isa = PBXBuildFile; fileRef = C9F101412161758E00791973 /* TypeAheadWithPillViewController.swift */; };
/* End PBXBuildFile section */

/* Begin PBXFileReference section */
		C997015E215FDEBB009457AD /* LabelCell.swift */ = {isa = PBXFileReference; lastKnownFileType = sourcecode.swift; path = LabelCell.swift; sourceTree = "<group>"; };
		C9970162215FE014009457AD /* PillViewController.swift */ = {isa = PBXFileReference; lastKnownFileType = sourcecode.swift; path = PillViewController.swift; sourceTree = "<group>"; };
		C9A2E421215DE2D400920597 /* TypeAheadPrototype.app */ = {isa = PBXFileReference; explicitFileType = wrapper.application; includeInIndex = 0; path = TypeAheadPrototype.app; sourceTree = BUILT_PRODUCTS_DIR; };
		C9A2E424215DE2D400920597 /* AppDelegate.swift */ = {isa = PBXFileReference; lastKnownFileType = sourcecode.swift; path = AppDelegate.swift; sourceTree = "<group>"; };
		C9A2E429215DE2D400920597 /* Base */ = {isa = PBXFileReference; lastKnownFileType = file.storyboard; name = Base; path = Base.lproj/Main.storyboard; sourceTree = "<group>"; };
		C9A2E42B215DE2D500920597 /* Assets.xcassets */ = {isa = PBXFileReference; lastKnownFileType = folder.assetcatalog; path = Assets.xcassets; sourceTree = "<group>"; };
		C9A2E42E215DE2D500920597 /* Base */ = {isa = PBXFileReference; lastKnownFileType = file.storyboard; name = Base; path = Base.lproj/LaunchScreen.storyboard; sourceTree = "<group>"; };
		C9A2E430215DE2D500920597 /* Info.plist */ = {isa = PBXFileReference; lastKnownFileType = text.plist.xml; path = Info.plist; sourceTree = "<group>"; };
		C9F101412161758E00791973 /* TypeAheadWithPillViewController.swift */ = {isa = PBXFileReference; lastKnownFileType = sourcecode.swift; path = TypeAheadWithPillViewController.swift; sourceTree = "<group>"; };
/* End PBXFileReference section */

/* Begin PBXFrameworksBuildPhase section */
		C9A2E41E215DE2D400920597 /* Frameworks */ = {
			isa = PBXFrameworksBuildPhase;
			buildActionMask = 2147483647;
			files = (
			);
			runOnlyForDeploymentPostprocessing = 0;
		};
/* End PBXFrameworksBuildPhase section */

/* Begin PBXGroup section */
		C9A2E418215DE2D400920597 = {
			isa = PBXGroup;
			children = (
				C9A2E423215DE2D400920597 /* TypeAheadPrototype */,
				C9A2E422215DE2D400920597 /* Products */,
			);
			sourceTree = "<group>";
		};
		C9A2E422215DE2D400920597 /* Products */ = {
			isa = PBXGroup;
			children = (
				C9A2E421215DE2D400920597 /* TypeAheadPrototype.app */,
			);
			name = Products;
			sourceTree = "<group>";
		};
		C9A2E423215DE2D400920597 /* TypeAheadPrototype */ = {
			isa = PBXGroup;
			children = (
				C9A2E424215DE2D400920597 /* AppDelegate.swift */,
				C9F101412161758E00791973 /* TypeAheadWithPillViewController.swift */,
				C9970162215FE014009457AD /* PillViewController.swift */,
				C997015E215FDEBB009457AD /* LabelCell.swift */,
				C9A2E428215DE2D400920597 /* Main.storyboard */,
				C9A2E42B215DE2D500920597 /* Assets.xcassets */,
				C9A2E42D215DE2D500920597 /* LaunchScreen.storyboard */,
				C9A2E430215DE2D500920597 /* Info.plist */,
			);
			path = TypeAheadPrototype;
			sourceTree = "<group>";
		};
/* End PBXGroup section */

/* Begin PBXNativeTarget section */
		C9A2E420215DE2D400920597 /* TypeAheadPrototype */ = {
			isa = PBXNativeTarget;
			buildConfigurationList = C9A2E433215DE2D500920597 /* Build configuration list for PBXNativeTarget "TypeAheadPrototype" */;
			buildPhases = (
				C9A2E41D215DE2D400920597 /* Sources */,
				C9A2E41E215DE2D400920597 /* Frameworks */,
				C9A2E41F215DE2D400920597 /* Resources */,
			);
			buildRules = (
			);
			dependencies = (
			);
			name = TypeAheadPrototype;
			productName = TypeAheadPrototype;
			productReference = C9A2E421215DE2D400920597 /* TypeAheadPrototype.app */;
			productType = "com.apple.product-type.application";
		};
/* End PBXNativeTarget section */

/* Begin PBXProject section */
		C9A2E419215DE2D400920597 /* Project object */ = {
			isa = PBXProject;
			attributes = {
				LastSwiftUpdateCheck = 1000;
				LastUpgradeCheck = 1000;
				ORGANIZATIONNAME = "Kai Wells";
				TargetAttributes = {
					C9A2E420215DE2D400920597 = {
						CreatedOnToolsVersion = 10.0;
					};
				};
			};
			buildConfigurationList = C9A2E41C215DE2D400920597 /* Build configuration list for PBXProject "TypeAheadPrototype" */;
			compatibilityVersion = "Xcode 9.3";
			developmentRegion = en;
			hasScannedForEncodings = 0;
			knownRegions = (
				en,
				Base,
			);
			mainGroup = C9A2E418215DE2D400920597;
			productRefGroup = C9A2E422215DE2D400920597 /* Products */;
			projectDirPath = "";
			projectRoot = "";
			targets = (
				C9A2E420215DE2D400920597 /* TypeAheadPrototype */,
			);
		};
/* End PBXProject section */

/* Begin PBXResourcesBuildPhase section */
		C9A2E41F215DE2D400920597 /* Resources */ = {
			isa = PBXResourcesBuildPhase;
			buildActionMask = 2147483647;
			files = (
				C9A2E42F215DE2D500920597 /* LaunchScreen.storyboard in Resources */,
				C9A2E42C215DE2D500920597 /* Assets.xcassets in Resources */,
				C9A2E42A215DE2D400920597 /* Main.storyboard in Resources */,
			);
			runOnlyForDeploymentPostprocessing = 0;
		};
/* End PBXResourcesBuildPhase section */

/* Begin PBXSourcesBuildPhase section */
		C9A2E41D215DE2D400920597 /* Sources */ = {
			isa = PBXSourcesBuildPhase;
			buildActionMask = 2147483647;
			files = (
				C9970163215FE014009457AD /* PillViewController.swift in Sources */,
				C9970160215FDEBB009457AD /* LabelCell.swift in Sources */,
				C9A2E425215DE2D400920597 /* AppDelegate.swift in Sources */,
				C9F101422161758E00791973 /* TypeAheadWithPillViewController.swift in Sources */,
			);
			runOnlyForDeploymentPostprocessing = 0;
		};
/* End PBXSourcesBuildPhase section */

/* Begin PBXVariantGroup section */
		C9A2E428215DE2D400920597 /* Main.storyboard */ = {
			isa = PBXVariantGroup;
			children = (
				C9A2E429215DE2D400920597 /* Base */,
			);
			name = Main.storyboard;
			sourceTree = "<group>";
		};
		C9A2E42D215DE2D500920597 /* LaunchScreen.storyboard */ = {
			isa = PBXVariantGroup;
			children = (
				C9A2E42E215DE2D500920597 /* Base */,
			);
			name = LaunchScreen.storyboard;
			sourceTree = "<group>";
		};
/* End PBXVariantGroup section */

/* Begin XCBuildConfiguration section */
		C9A2E431215DE2D500920597 /* Debug */ = {
			isa = XCBuildConfiguration;
			buildSettings = {
				ALWAYS_SEARCH_USER_PATHS = NO;
				CLANG_ANALYZER_NONNULL = YES;
				CLANG_ANALYZER_NUMBER_OBJECT_CONVERSION = YES_AGGRESSIVE;
				CLANG_CXX_LANGUAGE_STANDARD = "gnu++14";
				CLANG_CXX_LIBRARY = "libc++";
				CLANG_ENABLE_MODULES = YES;
				CLANG_ENABLE_OBJC_ARC = YES;
				CLANG_ENABLE_OBJC_WEAK = YES;
				CLANG_WARN_BLOCK_CAPTURE_AUTORELEASING = YES;
				CLANG_WARN_BOOL_CONVERSION = YES;
				CLANG_WARN_COMMA = YES;
				CLANG_WARN_CONSTANT_CONVERSION = YES;
				CLANG_WARN_DEPRECATED_OBJC_IMPLEMENTATIONS = YES;
				CLANG_WARN_DIRECT_OBJC_ISA_USAGE = YES_ERROR;
				CLANG_WARN_DOCUMENTATION_COMMENTS = YES;
				CLANG_WARN_EMPTY_BODY = YES;
				CLANG_WARN_ENUM_CONVERSION = YES;
				CLANG_WARN_INFINITE_RECURSION = YES;
				CLANG_WARN_INT_CONVERSION = YES;
				CLANG_WARN_NON_LITERAL_NULL_CONVERSION = YES;
				CLANG_WARN_OBJC_IMPLICIT_RETAIN_SELF = YES;
				CLANG_WARN_OBJC_LITERAL_CONVERSION = YES;
				CLANG_WARN_OBJC_ROOT_CLASS = YES_ERROR;
				CLANG_WARN_RANGE_LOOP_ANALYSIS = YES;
				CLANG_WARN_STRICT_PROTOTYPES = YES;
				CLANG_WARN_SUSPICIOUS_MOVE = YES;
				CLANG_WARN_UNGUARDED_AVAILABILITY = YES_AGGRESSIVE;
				CLANG_WARN_UNREACHABLE_CODE = YES;
				CLANG_WARN__DUPLICATE_METHOD_MATCH = YES;
				CODE_SIGN_IDENTITY = "iPhone Developer";
				COPY_PHASE_STRIP = NO;
				DEBUG_INFORMATION_FORMAT = dwarf;
				ENABLE_STRICT_OBJC_MSGSEND = YES;
				ENABLE_TESTABILITY = YES;
				GCC_C_LANGUAGE_STANDARD = gnu11;
				GCC_DYNAMIC_NO_PIC = NO;
				GCC_NO_COMMON_BLOCKS = YES;
				GCC_OPTIMIZATION_LEVEL = 0;
				GCC_PREPROCESSOR_DEFINITIONS = (
					"DEBUG=1",
					"$(inherited)",
				);
				GCC_WARN_64_TO_32_BIT_CONVERSION = YES;
				GCC_WARN_ABOUT_RETURN_TYPE = YES_ERROR;
				GCC_WARN_UNDECLARED_SELECTOR = YES;
				GCC_WARN_UNINITIALIZED_AUTOS = YES_AGGRESSIVE;
				GCC_WARN_UNUSED_FUNCTION = YES;
				GCC_WARN_UNUSED_VARIABLE = YES;
				IPHONEOS_DEPLOYMENT_TARGET = 12.0;
				MTL_ENABLE_DEBUG_INFO = INCLUDE_SOURCE;
				MTL_FAST_MATH = YES;
				ONLY_ACTIVE_ARCH = YES;
				SDKROOT = iphoneos;
				SWIFT_ACTIVE_COMPILATION_CONDITIONS = DEBUG;
				SWIFT_OPTIMIZATION_LEVEL = "-Onone";
			};
			name = Debug;
		};
		C9A2E432215DE2D500920597 /* Release */ = {
			isa = XCBuildConfiguration;
			buildSettings = {
				ALWAYS_SEARCH_USER_PATHS = NO;
				CLANG_ANALYZER_NONNULL = YES;
				CLANG_ANALYZER_NUMBER_OBJECT_CONVERSION = YES_AGGRESSIVE;
				CLANG_CXX_LANGUAGE_STANDARD = "gnu++14";
				CLANG_CXX_LIBRARY = "libc++";
				CLANG_ENABLE_MODULES = YES;
				CLANG_ENABLE_OBJC_ARC = YES;
				CLANG_ENABLE_OBJC_WEAK = YES;
				CLANG_WARN_BLOCK_CAPTURE_AUTORELEASING = YES;
				CLANG_WARN_BOOL_CONVERSION = YES;
				CLANG_WARN_COMMA = YES;
				CLANG_WARN_CONSTANT_CONVERSION = YES;
				CLANG_WARN_DEPRECATED_OBJC_IMPLEMENTATIONS = YES;
				CLANG_WARN_DIRECT_OBJC_ISA_USAGE = YES_ERROR;
				CLANG_WARN_DOCUMENTATION_COMMENTS = YES;
				CLANG_WARN_EMPTY_BODY = YES;
				CLANG_WARN_ENUM_CONVERSION = YES;
				CLANG_WARN_INFINITE_RECURSION = YES;
				CLANG_WARN_INT_CONVERSION = YES;
				CLANG_WARN_NON_LITERAL_NULL_CONVERSION = YES;
				CLANG_WARN_OBJC_IMPLICIT_RETAIN_SELF = YES;
				CLANG_WARN_OBJC_LITERAL_CONVERSION = YES;
				CLANG_WARN_OBJC_ROOT_CLASS = YES_ERROR;
				CLANG_WARN_RANGE_LOOP_ANALYSIS = YES;
				CLANG_WARN_STRICT_PROTOTYPES = YES;
				CLANG_WARN_SUSPICIOUS_MOVE = YES;
				CLANG_WARN_UNGUARDED_AVAILABILITY = YES_AGGRESSIVE;
				CLANG_WARN_UNREACHABLE_CODE = YES;
				CLANG_WARN__DUPLICATE_METHOD_MATCH = YES;
				CODE_SIGN_IDENTITY = "iPhone Developer";
				COPY_PHASE_STRIP = NO;
				DEBUG_INFORMATION_FORMAT = "dwarf-with-dsym";
				ENABLE_NS_ASSERTIONS = NO;
				ENABLE_STRICT_OBJC_MSGSEND = YES;
				GCC_C_LANGUAGE_STANDARD = gnu11;
				GCC_NO_COMMON_BLOCKS = YES;
				GCC_WARN_64_TO_32_BIT_CONVERSION = YES;
				GCC_WARN_ABOUT_RETURN_TYPE = YES_ERROR;
				GCC_WARN_UNDECLARED_SELECTOR = YES;
				GCC_WARN_UNINITIALIZED_AUTOS = YES_AGGRESSIVE;
				GCC_WARN_UNUSED_FUNCTION = YES;
				GCC_WARN_UNUSED_VARIABLE = YES;
				IPHONEOS_DEPLOYMENT_TARGET = 12.0;
				MTL_ENABLE_DEBUG_INFO = NO;
				MTL_FAST_MATH = YES;
				SDKROOT = iphoneos;
				SWIFT_COMPILATION_MODE = wholemodule;
				SWIFT_OPTIMIZATION_LEVEL = "-O";
				VALIDATE_PRODUCT = YES;
			};
			name = Release;
		};
		C9A2E434215DE2D500920597 /* Debug */ = {
			isa = XCBuildConfiguration;
			buildSettings = {
				ASSETCATALOG_COMPILER_APPICON_NAME = AppIcon;
				CODE_SIGN_IDENTITY = "iPhone Developer";
				CODE_SIGN_STYLE = Manual;
				DEVELOPMENT_TEAM = JKDPP998B7;
				INFOPLIST_FILE = TypeAheadPrototype/Info.plist;
				LD_RUNPATH_SEARCH_PATHS = (
					"$(inherited)",
					"@executable_path/Frameworks",
				);
				PRODUCT_BUNDLE_IDENTIFIER = me.kaiwells.TypeAheadPrototype;
				PRODUCT_NAME = "$(TARGET_NAME)";
				PROVISIONING_PROFILE_SPECIFIER = "Xcode iOS Wildcard";
				SWIFT_VERSION = 4.2;
				TARGETED_DEVICE_FAMILY = "1,2";
			};
			name = Debug;
		};
		C9A2E435215DE2D500920597 /* Release */ = {
			isa = XCBuildConfiguration;
			buildSettings = {
				ASSETCATALOG_COMPILER_APPICON_NAME = AppIcon;
				CODE_SIGN_IDENTITY = "iPhone Developer";
				CODE_SIGN_STYLE = Manual;
				DEVELOPMENT_TEAM = JKDPP998B7;
				INFOPLIST_FILE = TypeAheadPrototype/Info.plist;
				LD_RUNPATH_SEARCH_PATHS = (
					"$(inherited)",
					"@executable_path/Frameworks",
				);
				PRODUCT_BUNDLE_IDENTIFIER = me.kaiwells.TypeAheadPrototype;
				PRODUCT_NAME = "$(TARGET_NAME)";
				PROVISIONING_PROFILE_SPECIFIER = "Xcode iOS Wildcard";
				SWIFT_VERSION = 4.2;
				TARGETED_DEVICE_FAMILY = "1,2";
			};
			name = Release;
		};
/* End XCBuildConfiguration section */

/* Begin XCConfigurationList section */
		C9A2E41C215DE2D400920597 /* Build configuration list for PBXProject "TypeAheadPrototype" */ = {
			isa = XCConfigurationList;
			buildConfigurations = (
				C9A2E431215DE2D500920597 /* Debug */,
				C9A2E432215DE2D500920597 /* Release */,
			);
			defaultConfigurationIsVisible = 0;
			defaultConfigurationName = Release;
		};
		C9A2E433215DE2D500920597 /* Build configuration list for PBXNativeTarget "TypeAheadPrototype" */ = {
			isa = XCConfigurationList;
			buildConfigurations = (
				C9A2E434215DE2D500920597 /* Debug */,
				C9A2E435215DE2D500920597 /* Release */,
			);
			defaultConfigurationIsVisible = 0;
			defaultConfigurationName = Release;
		};
/* End XCConfigurationList section */
	};
	rootObject = C9A2E419215DE2D400920597 /* Project object */;
}
